
Microsoft Visual Studio Solution File, Format Version 12.00
# Visual Studio Version 16
VisualStudioVersion = 16.0.30907.101
MinimumVisualStudioVersion = 10.0.40219.1
Project("{FAE04EC0-301F-11D3-BF4B-00C04F79EFBC}") = "ClassMetotDemo", "ClassMetotDemo.csproj", "{9669CCE8-4E6A-4736-AFC3-F38A2339B351}"
EndProject
Global
	GlobalSection(SolutionConfigurationPlatforms) = preSolution
		Debug|Any CPU = Debug|Any CPU
		Release|Any CPU = Release|Any CPU
	EndGlobalSection
	GlobalSection(ProjectConfigurationPlatforms) = postSolution
		{9669CCE8-4E6A-4736-AFC3-F38A2339B351}.Debug|Any CPU.ActiveCfg = Debug|Any CPU
		{9669CCE8-4E6A-4736-AFC3-F38A2339B351}.Debug|Any CPU.Build.0 = Debug|Any CPU
		{9669CCE8-4E6A-4736-AFC3-F38A2339B351}.Release|Any CPU.ActiveCfg = Release|Any CPU
		{9669CCE8-4E6A-4736-AFC3-F38A2339B351}.Release|Any CPU.Build.0 = Release|Any CPU
	EndGlobalSection
	GlobalSection(SolutionProperties) = preSolution
		HideSolutionNode = FALSE
	EndGlobalSection
	GlobalSection(ExtensibilityGlobals) = postSolution
		SolutionGuid = {A77157B9-D3B5-4AE6-8047-D0DCBDD2CA28}
	EndGlobalSection
EndGlobal
